
Microsoft Visual Studio Solution File, Format Version 12.00
# Visual Studio Version 17
VisualStudioVersion = 17.3.32901.215
MinimumVisualStudioVersion = 10.0.40219.1
Project("{FAE04EC0-301F-11D3-BF4B-00C04F79EFBC}") = "BaiLT_Application_21520455_PhanTuanThanh", "BaiLT_Application_21520455_PhanTuanThanh\BaiLT_Application_21520455_PhanTuanThanh.csproj", "{BA5E7D71-D73A-4819-818C-378083786A9E}"
EndProject
Global
	GlobalSection(SolutionConfigurationPlatforms) = preSolution
		Debug|Any CPU = Debug|Any CPU
		Release|Any CPU = Release|Any CPU
	EndGlobalSection
	GlobalSection(ProjectConfigurationPlatforms) = postSolution
		{BA5E7D71-D73A-4819-818C-378083786A9E}.Debug|Any CPU.ActiveCfg = Debug|Any CPU
		{BA5E7D71-D73A-4819-818C-378083786A9E}.Debug|Any CPU.Build.0 = Debug|Any CPU
		{BA5E7D71-D73A-4819-818C-378083786A9E}.Release|Any CPU.ActiveCfg = Release|Any CPU
		{BA5E7D71-D73A-4819-818C-378083786A9E}.Release|Any CPU.Build.0 = Release|Any CPU
	EndGlobalSection
	GlobalSection(SolutionProperties) = preSolution
		HideSolutionNode = FALSE
	EndGlobalSection
	GlobalSection(ExtensibilityGlobals) = postSolution
		SolutionGuid = {BCAAB117-DAF7-4E6F-9B55-7ED2F2C4BC22}
	EndGlobalSection
EndGlobal
