
Microsoft Visual Studio Solution File, Format Version 12.00
# Visual Studio Version 17
VisualStudioVersion = 17.3.32901.215
MinimumVisualStudioVersion = 10.0.40219.1
Project("{FAE04EC0-301F-11D3-BF4B-00C04F79EFBC}") = "Create_file_explorer", "Create_file_explorer\Create_file_explorer.csproj", "{27C7DA01-53FB-480A-A870-5CE6DFAC3EA6}"
EndProject
Global
	GlobalSection(SolutionConfigurationPlatforms) = preSolution
		Debug|Any CPU = Debug|Any CPU
		Release|Any CPU = Release|Any CPU
	EndGlobalSection
	GlobalSection(ProjectConfigurationPlatforms) = postSolution
		{27C7DA01-53FB-480A-A870-5CE6DFAC3EA6}.Debug|Any CPU.ActiveCfg = Debug|Any CPU
		{27C7DA01-53FB-480A-A870-5CE6DFAC3EA6}.Debug|Any CPU.Build.0 = Debug|Any CPU
		{27C7DA01-53FB-480A-A870-5CE6DFAC3EA6}.Release|Any CPU.ActiveCfg = Release|Any CPU
		{27C7DA01-53FB-480A-A870-5CE6DFAC3EA6}.Release|Any CPU.Build.0 = Release|Any CPU
	EndGlobalSection
	GlobalSection(SolutionProperties) = preSolution
		HideSolutionNode = FALSE
	EndGlobalSection
	GlobalSection(ExtensibilityGlobals) = postSolution
		SolutionGuid = {5586CC0C-E247-4A02-85BE-F4C251016532}
	EndGlobalSection
EndGlobal
