
Microsoft Visual Studio Solution File, Format Version 12.00
# Visual Studio Version 17
VisualStudioVersion = 17.3.32901.215
MinimumVisualStudioVersion = 10.0.40219.1
Project("{FAE04EC0-301F-11D3-BF4B-00C04F79EFBC}") = "BaiTap_GUI_1", "BaiTap_GUI_1\BaiTap_GUI_1.csproj", "{4C9FDD12-AC07-4573-AA6E-E014F5ABBEF9}"
EndProject
Global
	GlobalSection(SolutionConfigurationPlatforms) = preSolution
		Debug|Any CPU = Debug|Any CPU
		Release|Any CPU = Release|Any CPU
	EndGlobalSection
	GlobalSection(ProjectConfigurationPlatforms) = postSolution
		{4C9FDD12-AC07-4573-AA6E-E014F5ABBEF9}.Debug|Any CPU.ActiveCfg = Debug|Any CPU
		{4C9FDD12-AC07-4573-AA6E-E014F5ABBEF9}.Debug|Any CPU.Build.0 = Debug|Any CPU
		{4C9FDD12-AC07-4573-AA6E-E014F5ABBEF9}.Release|Any CPU.ActiveCfg = Release|Any CPU
		{4C9FDD12-AC07-4573-AA6E-E014F5ABBEF9}.Release|Any CPU.Build.0 = Release|Any CPU
	EndGlobalSection
	GlobalSection(SolutionProperties) = preSolution
		HideSolutionNode = FALSE
	EndGlobalSection
	GlobalSection(ExtensibilityGlobals) = postSolution
		SolutionGuid = {62BDD17C-F56B-4B61-AF93-DBBC67DF7963}
	EndGlobalSection
EndGlobal
