
Microsoft Visual Studio Solution File, Format Version 12.00
# Visual Studio Version 17
VisualStudioVersion = 17.3.32901.215
MinimumVisualStudioVersion = 10.0.40219.1
Project("{FAE04EC0-301F-11D3-BF4B-00C04F79EFBC}") = "BaiLT_DrawShape_21520455_PhanTuanThanh", "BaiLT_DrawShape_21520455_PhanTuanThanh\BaiLT_DrawShape_21520455_PhanTuanThanh.csproj", "{90A2E7B6-9695-4560-B274-BFACB7F612CA}"
EndProject
Global
	GlobalSection(SolutionConfigurationPlatforms) = preSolution
		Debug|Any CPU = Debug|Any CPU
		Release|Any CPU = Release|Any CPU
	EndGlobalSection
	GlobalSection(ProjectConfigurationPlatforms) = postSolution
		{90A2E7B6-9695-4560-B274-BFACB7F612CA}.Debug|Any CPU.ActiveCfg = Debug|Any CPU
		{90A2E7B6-9695-4560-B274-BFACB7F612CA}.Debug|Any CPU.Build.0 = Debug|Any CPU
		{90A2E7B6-9695-4560-B274-BFACB7F612CA}.Release|Any CPU.ActiveCfg = Release|Any CPU
		{90A2E7B6-9695-4560-B274-BFACB7F612CA}.Release|Any CPU.Build.0 = Release|Any CPU
	EndGlobalSection
	GlobalSection(SolutionProperties) = preSolution
		HideSolutionNode = FALSE
	EndGlobalSection
	GlobalSection(ExtensibilityGlobals) = postSolution
		SolutionGuid = {F6F7CA3E-3F25-4FFF-A8C4-65E73FF9E0CD}
	EndGlobalSection
EndGlobal
